{
  "name": "lsp-grammarly",
  "lockfileVersion": 2,
  "requires": true,
  "packages": {
    "": {
      "name": "lsp-grammarly",
      "hasInstallScript": true,
      "dependencies": {
        "pnpm": "^7.1.0"
      }
    },
    "node_modules/pnpm": {
      "version": "7.1.0",
      "resolved": "https://registry.npmjs.org/pnpm/-/pnpm-7.1.0.tgz",
      "integrity": "sha512-iT2Hk2jycfh8NXoEnwpg7oCNMwsMlheSR9QAgkhWtRHvjfAAtp0HsKEOA62ILoAwbvv/ea8Ph5lTQLsGQJRq+w==",
      "bin": {
        "pnpm": "bin/pnpm.cjs",
        "pnpx": "bin/pnpx.cjs"
      },
      "engines": {
        "node": ">=14.19"
      },
      "funding": {
        "url": "https://opencollective.com/pnpm"
      }
    }
  },
  "dependencies": {
    "pnpm": {
      "version": "7.1.0",
      "resolved": "https://registry.npmjs.org/pnpm/-/pnpm-7.1.0.tgz",
      "integrity": "sha512-iT2Hk2jycfh8NXoEnwpg7oCNMwsMlheSR9QAgkhWtRHvjfAAtp0HsKEOA62ILoAwbvv/ea8Ph5lTQLsGQJRq+w=="
    }
  }
}
